{
    "_meta": {
        "hash": {
            "sha256": "6711f1dc3c58c71f8f439e3a137babe846f2c82b8594934cd01860d8ec7b94f3"
        },
        "pipfile-spec": 6,
        "requires": {
            "python_version": "3.9"
        },
        "sources": [
            {
                "name": "pypi",
                "url": "https://pypi.org/simple",
                "verify_ssl": true
            }
        ]
    },
    "default": {
        "colorama": {
            "hashes": [
                "sha256:5941b2b48a20143d2267e95b1c2a7603ce057ee39fd88e7329b0c292aa16869b",
                "sha256:9f47eda37229f68eee03b24b9748937c7dc3868f906e8ba69fbcbdd3bc5dc3e2"
            ],
            "index": "pypi",
            "version": "==0.4.4"
        },
        "commonmark": {
            "hashes": [
                "sha256:452f9dc859be7f06631ddcb328b6919c67984aca654e5fefb3914d54691aed60",
                "sha256:da2f38c92590f83de410ba1a3cbceafbc74fee9def35f9251ba9a971d6d66fd9"
            ],
            "index": "pypi",
            "version": "==0.9.1"
        },
        "pygments": {
            "hashes": [
                "sha256:37a13ba168a02ac54cc5891a42b1caec333e59b66addb7fa633ea8a6d73445c0",
                "sha256:b21b072d0ccdf29297a82a2363359d99623597b8a265b8081760e4d0f7153c88"
            ],
            "index": "pypi",
            "version": "==2.8.0"
        },
        "python-dotenv": {
            "hashes": [
                "sha256:0c8d1b80d1a1e91717ea7d526178e3882732420b03f08afea0406db6402e220e",
                "sha256:587825ed60b1711daea4832cf37524dfd404325b7db5e25ebe88c495c9f807a0"
            ],
            "index": "pypi",
            "version": "==0.15.0"
        },
        "rich": {
            "hashes": [
                "sha256:27e3deb24555d7dad554afa871c7e77f16a0336a625ed78dd10de21193b4ec11",
                "sha256:dc2499772c96bd2c488b34739425d1cdfa433bf394f4f2f5af5ca6f399171df0"
            ],
            "index": "pypi",
            "version": "==9.12.0"
        },
        "typing-extensions": {
            "hashes": [
                "sha256:7cb407020f00f7bfc3cb3e7881628838e69d8f3fcab2f64742a5e76b2f841918",
                "sha256:99d4073b617d30288f569d3f13d2bd7548c3a7e4c8de87db09a9d29bb3a4a60c",
                "sha256:dafc7639cde7f1b6e1acc0f457842a83e722ccca8eef5270af2d74792619a89f"
            ],
            "index": "pypi",
            "version": "==3.7.4.3"
        }
    },
    "develop": {}
}
